
Microsoft Visual Studio Solution File, Format Version 12.00
# Visual Studio 14
VisualStudioVersion = 14.0.25420.1
MinimumVisualStudioVersion = 10.0.40219.1
Project("{FAE04EC0-301F-11D3-BF4B-00C04F79EFBC}") = "HappyTechFeedback", "HappyTechFeedback\HappyTechFeedback.csproj", "{53C6A97C-0C7A-4770-882F-2747B90765FD}"
EndProject
Global
	GlobalSection(SolutionConfigurationPlatforms) = preSolution
		Debug|Any CPU = Debug|Any CPU
		Release|Any CPU = Release|Any CPU
	EndGlobalSection
	GlobalSection(ProjectConfigurationPlatforms) = postSolution
		{53C6A97C-0C7A-4770-882F-2747B90765FD}.Debug|Any CPU.ActiveCfg = Debug|Any CPU
		{53C6A97C-0C7A-4770-882F-2747B90765FD}.Debug|Any CPU.Build.0 = Debug|Any CPU
		{53C6A97C-0C7A-4770-882F-2747B90765FD}.Release|Any CPU.ActiveCfg = Release|Any CPU
		{53C6A97C-0C7A-4770-882F-2747B90765FD}.Release|Any CPU.Build.0 = Release|Any CPU
	EndGlobalSection
	GlobalSection(SolutionProperties) = preSolution
		HideSolutionNode = FALSE
	EndGlobalSection
EndGlobal
